
Microsoft Visual Studio Solution File, Format Version 12.00
# Visual Studio Version 17
VisualStudioVersion = 17.10.34916.146
MinimumVisualStudioVersion = 10.0.40219.1
Project("{FAE04EC0-301F-11D3-BF4B-00C04F79EFBC}") = "Versioning", "Versioning\Versioning.csproj", "{C4444B42-0B3E-4D12-BABB-32AF9DB380C8}"
EndProject
Global
	GlobalSection(SolutionConfigurationPlatforms) = preSolution
		Debug|Any CPU = Debug|Any CPU
		Release|Any CPU = Release|Any CPU
		Revit_2022|Any CPU = Revit_2022|Any CPU
		Revit_2023|Any CPU = Revit_2023|Any CPU
	EndGlobalSection
	GlobalSection(ProjectConfigurationPlatforms) = postSolution
		{C4444B42-0B3E-4D12-BABB-32AF9DB380C8}.Debug|Any CPU.ActiveCfg = Debug|Any CPU
		{C4444B42-0B3E-4D12-BABB-32AF9DB380C8}.Debug|Any CPU.Build.0 = Debug|Any CPU
		{C4444B42-0B3E-4D12-BABB-32AF9DB380C8}.Release|Any CPU.ActiveCfg = Release|Any CPU
		{C4444B42-0B3E-4D12-BABB-32AF9DB380C8}.Release|Any CPU.Build.0 = Release|Any CPU
		{C4444B42-0B3E-4D12-BABB-32AF9DB380C8}.Revit_2022|Any CPU.ActiveCfg = Revit_2022|Any CPU
		{C4444B42-0B3E-4D12-BABB-32AF9DB380C8}.Revit_2022|Any CPU.Build.0 = Revit_2022|Any CPU
		{C4444B42-0B3E-4D12-BABB-32AF9DB380C8}.Revit_2023|Any CPU.ActiveCfg = Revit_2023|Any CPU
		{C4444B42-0B3E-4D12-BABB-32AF9DB380C8}.Revit_2023|Any CPU.Build.0 = Revit_2023|Any CPU
	EndGlobalSection
	GlobalSection(SolutionProperties) = preSolution
		HideSolutionNode = FALSE
	EndGlobalSection
	GlobalSection(ExtensibilityGlobals) = postSolution
		SolutionGuid = {817B8935-3363-4A13-92DA-14FA423726B2}
	EndGlobalSection
EndGlobal
